{
  "name": "@wexample/js-api-entity",
  "version": "1.0.8",
  "lockfileVersion": 3,
  "requires": true,
  "packages": {
    "": {
      "name": "@wexample/js-api-entity",
      "version": "1.0.8",
      "dependencies": {
        "@wexample/js-api": ">=8.0.0",
        "@wexample/js-helpers": ">=3.0.0"
      },
      "devDependencies": {
        "typescript": "^5.9.3"
      }
    },
    "node_modules/@wexample/js-api": {
      "version": "8.0.1",
      "resolved": "https://registry.npmjs.org/@wexample/js-api/-/js-api-8.0.1.tgz",
      "integrity": "sha512-Me9LdYtZqmVx1Ekw+Ja3+kwWVkrwytVojEQfq0gk8/RrK/7yZT6yPkEZrQ3HDhGSB3it7ixq0qbLK+UBOyvkOg==",
      "dependencies": {
        "@wexample/js-helpers": ">=3.0.0",
        "ky": "^1.4.0"
      }
    },
    "node_modules/@wexample/js-helpers": {
      "version": "3.0.0",
      "resolved": "https://registry.npmjs.org/@wexample/js-helpers/-/js-helpers-3.0.0.tgz",
      "integrity": "sha512-X1rAMIObwkL8HHDSR/35jBJtYs4YWm0QBM68GdS9TNaY/slpFgNuWKJCC+9Pmyo6fhYppVY9I0R5vZmXIArNlQ==",
      "license": "MIT",
      "engines": {
        "node": ">=18"
      }
    },
    "node_modules/ky": {
      "version": "1.14.3",
      "resolved": "https://registry.npmjs.org/ky/-/ky-1.14.3.tgz",
      "integrity": "sha512-9zy9lkjac+TR1c2tG+mkNSVlyOpInnWdSMiue4F+kq8TwJSgv6o8jhLRg8Ho6SnZ9wOYUq/yozts9qQCfk7bIw==",
      "license": "MIT",
      "engines": {
        "node": ">=18"
      },
      "funding": {
        "url": "https://github.com/sindresorhus/ky?sponsor=1"
      }
    },
    "node_modules/typescript": {
      "version": "5.9.3",
      "resolved": "https://registry.npmjs.org/typescript/-/typescript-5.9.3.tgz",
      "integrity": "sha512-jl1vZzPDinLr9eUt3J/t7V6FgNEw9QjvBPdysz9KfQDD41fQrC2Y4vKQdiaUpFT4bXlb1RHhLpp8wtm6M5TgSw==",
      "dev": true,
      "license": "Apache-2.0",
      "bin": {
        "tsc": "bin/tsc",
        "tsserver": "bin/tsserver"
      },
      "engines": {
        "node": ">=14.17"
      }
    }
  }
}
